// !$*UTF8*$!
{
	archiveVersion = 1;
	classes = {
	};
	objectVersion = 46;
	objects = {

/* Begin PBXBuildFile section */
		3A89AB721DD2CA6200CA1C8C /* AppDelegate.swift in Sources */ = {isa = PBXBuildFile; fileRef = 3A89AB711DD2CA6200CA1C8C /* AppDelegate.swift */; };
		3A89AB741DD2CA6200CA1C8C /* MyViewController.swift in Sources */ = {isa = PBXBuildFile; fileRef = 3A89AB731DD2CA6200CA1C8C /* MyViewController.swift */; };
		3A89AB771DD2CA6200CA1C8C /* Main.storyboard in Resources */ = {isa = PBXBuildFile; fileRef = 3A89AB751DD2CA6200CA1C8C /* Main.storyboard */; };
		3A89AB791DD2CA6200CA1C8C /* Assets.xcassets in Resources */ = {isa = PBXBuildFile; fileRef = 3A89AB781DD2CA6200CA1C8C /* Assets.xcassets */; };
		3A89AB7C1DD2CA6200CA1C8C /* LaunchScreen.storyboard in Resources */ = {isa = PBXBuildFile; fileRef = 3A89AB7A1DD2CA6200CA1C8C /* LaunchScreen.storyboard */; };
		3A89AB871DD2CA6200CA1C8C /* UIPageViewControllerTests.swift in Sources */ = {isa = PBXBuildFile; fileRef = 3A89AB861DD2CA6200CA1C8C /* UIPageViewControllerTests.swift */; };
		3A89AB921DD2CA6200CA1C8C /* UIPageViewControllerUITests.swift in Sources */ = {isa = PBXBuildFile; fileRef = 3A89AB911DD2CA6200CA1C8C /* UIPageViewControllerUITests.swift */; };
		3A89ABA01DD2CD8600CA1C8C /* VC1.swift in Sources */ = {isa = PBXBuildFile; fileRef = 3A89AB9F1DD2CD8600CA1C8C /* VC1.swift */; };
		3A89ABA21DD2CD8F00CA1C8C /* VC2.swift in Sources */ = {isa = PBXBuildFile; fileRef = 3A89ABA11DD2CD8F00CA1C8C /* VC2.swift */; };
/* End PBXBuildFile section */

/* Begin PBXContainerItemProxy section */
		3A89AB831DD2CA6200CA1C8C /* PBXContainerItemProxy */ = {
			isa = PBXContainerItemProxy;
			containerPortal = 3A89AB661DD2CA6200CA1C8C /* Project object */;
			proxyType = 1;
			remoteGlobalIDString = 3A89AB6D1DD2CA6200CA1C8C;
			remoteInfo = UIPageViewController;
		};
		3A89AB8E1DD2CA6200CA1C8C /* PBXContainerItemProxy */ = {
			isa = PBXContainerItemProxy;
			containerPortal = 3A89AB661DD2CA6200CA1C8C /* Project object */;
			proxyType = 1;
			remoteGlobalIDString = 3A89AB6D1DD2CA6200CA1C8C;
			remoteInfo = UIPageViewController;
		};
/* End PBXContainerItemProxy section */

/* Begin PBXFileReference section */
		3A89AB6E1DD2CA6200CA1C8C /* UIPageViewController.app */ = {isa = PBXFileReference; explicitFileType = wrapper.application; includeInIndex = 0; path = UIPageViewController.app; sourceTree = BUILT_PRODUCTS_DIR; };
		3A89AB711DD2CA6200CA1C8C /* AppDelegate.swift */ = {isa = PBXFileReference; lastKnownFileType = sourcecode.swift; path = AppDelegate.swift; sourceTree = "<group>"; };
		3A89AB731DD2CA6200CA1C8C /* MyViewController.swift */ = {isa = PBXFileReference; lastKnownFileType = sourcecode.swift; path = MyViewController.swift; sourceTree = "<group>"; };
		3A89AB761DD2CA6200CA1C8C /* Base */ = {isa = PBXFileReference; lastKnownFileType = file.storyboard; name = Base; path = Base.lproj/Main.storyboard; sourceTree = "<group>"; };
		3A89AB781DD2CA6200CA1C8C /* Assets.xcassets */ = {isa = PBXFileReference; lastKnownFileType = folder.assetcatalog; path = Assets.xcassets; sourceTree = "<group>"; };
		3A89AB7B1DD2CA6200CA1C8C /* Base */ = {isa = PBXFileReference; lastKnownFileType = file.storyboard; name = Base; path = Base.lproj/LaunchScreen.storyboard; sourceTree = "<group>"; };
		3A89AB7D1DD2CA6200CA1C8C /* Info.plist */ = {isa = PBXFileReference; lastKnownFileType = text.plist.xml; path = Info.plist; sourceTree = "<group>"; };
		3A89AB821DD2CA6200CA1C8C /* UIPageViewControllerTests.xctest */ = {isa = PBXFileReference; explicitFileType = wrapper.cfbundle; includeInIndex = 0; path = UIPageViewControllerTests.xctest; sourceTree = BUILT_PRODUCTS_DIR; };
		3A89AB861DD2CA6200CA1C8C /* UIPageViewControllerTests.swift */ = {isa = PBXFileReference; lastKnownFileType = sourcecode.swift; path = UIPageViewControllerTests.swift; sourceTree = "<group>"; };
		3A89AB881DD2CA6200CA1C8C /* Info.plist */ = {isa = PBXFileReference; lastKnownFileType = text.plist.xml; path = Info.plist; sourceTree = "<group>"; };
		3A89AB8D1DD2CA6200CA1C8C /* UIPageViewControllerUITests.xctest */ = {isa = PBXFileReference; explicitFileType = wrapper.cfbundle; includeInIndex = 0; path = UIPageViewControllerUITests.xctest; sourceTree = BUILT_PRODUCTS_DIR; };
		3A89AB911DD2CA6200CA1C8C /* UIPageViewControllerUITests.swift */ = {isa = PBXFileReference; lastKnownFileType = sourcecode.swift; path = UIPageViewControllerUITests.swift; sourceTree = "<group>"; };
		3A89AB931DD2CA6200CA1C8C /* Info.plist */ = {isa = PBXFileReference; lastKnownFileType = text.plist.xml; path = Info.plist; sourceTree = "<group>"; };
		3A89AB9F1DD2CD8600CA1C8C /* VC1.swift */ = {isa = PBXFileReference; fileEncoding = 4; lastKnownFileType = sourcecode.swift; path = VC1.swift; sourceTree = "<group>"; };
		3A89ABA11DD2CD8F00CA1C8C /* VC2.swift */ = {isa = PBXFileReference; fileEncoding = 4; lastKnownFileType = sourcecode.swift; path = VC2.swift; sourceTree = "<group>"; };
/* End PBXFileReference section */

/* Begin PBXFrameworksBuildPhase section */
		3A89AB6B1DD2CA6200CA1C8C /* Frameworks */ = {
			isa = PBXFrameworksBuildPhase;
			buildActionMask = 2147483647;
			files = (
			);
			runOnlyForDeploymentPostprocessing = 0;
		};
		3A89AB7F1DD2CA6200CA1C8C /* Frameworks */ = {
			isa = PBXFrameworksBuildPhase;
			buildActionMask = 2147483647;
			files = (
			);
			runOnlyForDeploymentPostprocessing = 0;
		};
		3A89AB8A1DD2CA6200CA1C8C /* Frameworks */ = {
			isa = PBXFrameworksBuildPhase;
			buildActionMask = 2147483647;
			files = (
			);
			runOnlyForDeploymentPostprocessing = 0;
		};
/* End PBXFrameworksBuildPhase section */

/* Begin PBXGroup section */
		3A89AB651DD2CA6200CA1C8C = {
			isa = PBXGroup;
			children = (
				3A89AB701DD2CA6200CA1C8C /* UIPageViewController */,
				3A89AB851DD2CA6200CA1C8C /* UIPageViewControllerTests */,
				3A89AB901DD2CA6200CA1C8C /* UIPageViewControllerUITests */,
				3A89AB6F1DD2CA6200CA1C8C /* Products */,
			);
			sourceTree = "<group>";
		};
		3A89AB6F1DD2CA6200CA1C8C /* Products */ = {
			isa = PBXGroup;
			children = (
				3A89AB6E1DD2CA6200CA1C8C /* UIPageViewController.app */,
				3A89AB821DD2CA6200CA1C8C /* UIPageViewControllerTests.xctest */,
				3A89AB8D1DD2CA6200CA1C8C /* UIPageViewControllerUITests.xctest */,
			);
			name = Products;
			sourceTree = "<group>";
		};
		3A89AB701DD2CA6200CA1C8C /* UIPageViewController */ = {
			isa = PBXGroup;
			children = (
				3A89AB711DD2CA6200CA1C8C /* AppDelegate.swift */,
				3A89AB731DD2CA6200CA1C8C /* MyViewController.swift */,
				3A89AB751DD2CA6200CA1C8C /* Main.storyboard */,
				3A89AB781DD2CA6200CA1C8C /* Assets.xcassets */,
				3A89AB7A1DD2CA6200CA1C8C /* LaunchScreen.storyboard */,
				3A89AB7D1DD2CA6200CA1C8C /* Info.plist */,
				3A89AB9F1DD2CD8600CA1C8C /* VC1.swift */,
				3A89ABA11DD2CD8F00CA1C8C /* VC2.swift */,
			);
			path = UIPageViewController;
			sourceTree = "<group>";
		};
		3A89AB851DD2CA6200CA1C8C /* UIPageViewControllerTests */ = {
			isa = PBXGroup;
			children = (
				3A89AB861DD2CA6200CA1C8C /* UIPageViewControllerTests.swift */,
				3A89AB881DD2CA6200CA1C8C /* Info.plist */,
			);
			path = UIPageViewControllerTests;
			sourceTree = "<group>";
		};
		3A89AB901DD2CA6200CA1C8C /* UIPageViewControllerUITests */ = {
			isa = PBXGroup;
			children = (
				3A89AB911DD2CA6200CA1C8C /* UIPageViewControllerUITests.swift */,
				3A89AB931DD2CA6200CA1C8C /* Info.plist */,
			);
			path = UIPageViewControllerUITests;
			sourceTree = "<group>";
		};
/* End PBXGroup section */

/* Begin PBXNativeTarget section */
		3A89AB6D1DD2CA6200CA1C8C /* UIPageViewController */ = {
			isa = PBXNativeTarget;
			buildConfigurationList = 3A89AB961DD2CA6200CA1C8C /* Build configuration list for PBXNativeTarget "UIPageViewController" */;
			buildPhases = (
				3A89AB6A1DD2CA6200CA1C8C /* Sources */,
				3A89AB6B1DD2CA6200CA1C8C /* Frameworks */,
				3A89AB6C1DD2CA6200CA1C8C /* Resources */,
			);
			buildRules = (
			);
			dependencies = (
			);
			name = UIPageViewController;
			productName = UIPageViewController;
			productReference = 3A89AB6E1DD2CA6200CA1C8C /* UIPageViewController.app */;
			productType = "com.apple.product-type.application";
		};
		3A89AB811DD2CA6200CA1C8C /* UIPageViewControllerTests */ = {
			isa = PBXNativeTarget;
			buildConfigurationList = 3A89AB991DD2CA6200CA1C8C /* Build configuration list for PBXNativeTarget "UIPageViewControllerTests" */;
			buildPhases = (
				3A89AB7E1DD2CA6200CA1C8C /* Sources */,
				3A89AB7F1DD2CA6200CA1C8C /* Frameworks */,
				3A89AB801DD2CA6200CA1C8C /* Resources */,
			);
			buildRules = (
			);
			dependencies = (
				3A89AB841DD2CA6200CA1C8C /* PBXTargetDependency */,
			);
			name = UIPageViewControllerTests;
			productName = UIPageViewControllerTests;
			productReference = 3A89AB821DD2CA6200CA1C8C /* UIPageViewControllerTests.xctest */;
			productType = "com.apple.product-type.bundle.unit-test";
		};
		3A89AB8C1DD2CA6200CA1C8C /* UIPageViewControllerUITests */ = {
			isa = PBXNativeTarget;
			buildConfigurationList = 3A89AB9C1DD2CA6200CA1C8C /* Build configuration list for PBXNativeTarget "UIPageViewControllerUITests" */;
			buildPhases = (
				3A89AB891DD2CA6200CA1C8C /* Sources */,
				3A89AB8A1DD2CA6200CA1C8C /* Frameworks */,
				3A89AB8B1DD2CA6200CA1C8C /* Resources */,
			);
			buildRules = (
			);
			dependencies = (
				3A89AB8F1DD2CA6200CA1C8C /* PBXTargetDependency */,
			);
			name = UIPageViewControllerUITests;
			productName = UIPageViewControllerUITests;
			productReference = 3A89AB8D1DD2CA6200CA1C8C /* UIPageViewControllerUITests.xctest */;
			productType = "com.apple.product-type.bundle.ui-testing";
		};
/* End PBXNativeTarget section */

/* Begin PBXProject section */
		3A89AB661DD2CA6200CA1C8C /* Project object */ = {
			isa = PBXProject;
			attributes = {
				LastSwiftUpdateCheck = 0810;
				LastUpgradeCheck = 0810;
				ORGANIZATIONNAME = FioT;
				TargetAttributes = {
					3A89AB6D1DD2CA6200CA1C8C = {
						CreatedOnToolsVersion = 8.1;
						DevelopmentTeam = J9BDLQP95V;
						ProvisioningStyle = Automatic;
					};
					3A89AB811DD2CA6200CA1C8C = {
						CreatedOnToolsVersion = 8.1;
						DevelopmentTeam = J9BDLQP95V;
						ProvisioningStyle = Automatic;
						TestTargetID = 3A89AB6D1DD2CA6200CA1C8C;
					};
					3A89AB8C1DD2CA6200CA1C8C = {
						CreatedOnToolsVersion = 8.1;
						DevelopmentTeam = J9BDLQP95V;
						ProvisioningStyle = Automatic;
						TestTargetID = 3A89AB6D1DD2CA6200CA1C8C;
					};
				};
			};
			buildConfigurationList = 3A89AB691DD2CA6200CA1C8C /* Build configuration list for PBXProject "UIPageViewController" */;
			compatibilityVersion = "Xcode 3.2";
			developmentRegion = English;
			hasScannedForEncodings = 0;
			knownRegions = (
				en,
				Base,
			);
			mainGroup = 3A89AB651DD2CA6200CA1C8C;
			productRefGroup = 3A89AB6F1DD2CA6200CA1C8C /* Products */;
			projectDirPath = "";
			projectRoot = "";
			targets = (
				3A89AB6D1DD2CA6200CA1C8C /* UIPageViewController */,
				3A89AB811DD2CA6200CA1C8C /* UIPageViewControllerTests */,
				3A89AB8C1DD2CA6200CA1C8C /* UIPageViewControllerUITests */,
			);
		};
/* End PBXProject section */

/* Begin PBXResourcesBuildPhase section */
		3A89AB6C1DD2CA6200CA1C8C /* Resources */ = {
			isa = PBXResourcesBuildPhase;
			buildActionMask = 2147483647;
			files = (
				3A89AB7C1DD2CA6200CA1C8C /* LaunchScreen.storyboard in Resources */,
				3A89AB791DD2CA6200CA1C8C /* Assets.xcassets in Resources */,
				3A89AB771DD2CA6200CA1C8C /* Main.storyboard in Resources */,
			);
			runOnlyForDeploymentPostprocessing = 0;
		};
		3A89AB801DD2CA6200CA1C8C /* Resources */ = {
			isa = PBXResourcesBuildPhase;
			buildActionMask = 2147483647;
			files = (
			);
			runOnlyForDeploymentPostprocessing = 0;
		};
		3A89AB8B1DD2CA6200CA1C8C /* Resources */ = {
			isa = PBXResourcesBuildPhase;
			buildActionMask = 2147483647;
			files = (
			);
			runOnlyForDeploymentPostprocessing = 0;
		};
/* End PBXResourcesBuildPhase section */

/* Begin PBXSourcesBuildPhase section */
		3A89AB6A1DD2CA6200CA1C8C /* Sources */ = {
			isa = PBXSourcesBuildPhase;
			buildActionMask = 2147483647;
			files = (
				3A89ABA01DD2CD8600CA1C8C /* VC1.swift in Sources */,
				3A89AB741DD2CA6200CA1C8C /* MyViewController.swift in Sources */,
				3A89AB721DD2CA6200CA1C8C /* AppDelegate.swift in Sources */,
				3A89ABA21DD2CD8F00CA1C8C /* VC2.swift in Sources */,
			);
			runOnlyForDeploymentPostprocessing = 0;
		};
		3A89AB7E1DD2CA6200CA1C8C /* Sources */ = {
			isa = PBXSourcesBuildPhase;
			buildActionMask = 2147483647;
			files = (
				3A89AB871DD2CA6200CA1C8C /* UIPageViewControllerTests.swift in Sources */,
			);
			runOnlyForDeploymentPostprocessing = 0;
		};
		3A89AB891DD2CA6200CA1C8C /* Sources */ = {
			isa = PBXSourcesBuildPhase;
			buildActionMask = 2147483647;
			files = (
				3A89AB921DD2CA6200CA1C8C /* UIPageViewControllerUITests.swift in Sources */,
			);
			runOnlyForDeploymentPostprocessing = 0;
		};
/* End PBXSourcesBuildPhase section */

/* Begin PBXTargetDependency section */
		3A89AB841DD2CA6200CA1C8C /* PBXTargetDependency */ = {
			isa = PBXTargetDependency;
			target = 3A89AB6D1DD2CA6200CA1C8C /* UIPageViewController */;
			targetProxy = 3A89AB831DD2CA6200CA1C8C /* PBXContainerItemProxy */;
		};
		3A89AB8F1DD2CA6200CA1C8C /* PBXTargetDependency */ = {
			isa = PBXTargetDependency;
			target = 3A89AB6D1DD2CA6200CA1C8C /* UIPageViewController */;
			targetProxy = 3A89AB8E1DD2CA6200CA1C8C /* PBXContainerItemProxy */;
		};
/* End PBXTargetDependency section */

/* Begin PBXVariantGroup section */
		3A89AB751DD2CA6200CA1C8C /* Main.storyboard */ = {
			isa = PBXVariantGroup;
			children = (
				3A89AB761DD2CA6200CA1C8C /* Base */,
			);
			name = Main.storyboard;
			sourceTree = "<group>";
		};
		3A89AB7A1DD2CA6200CA1C8C /* LaunchScreen.storyboard */ = {
			isa = PBXVariantGroup;
			children = (
				3A89AB7B1DD2CA6200CA1C8C /* Base */,
			);
			name = LaunchScreen.storyboard;
			sourceTree = "<group>";
		};
/* End PBXVariantGroup section */

/* Begin XCBuildConfiguration section */
		3A89AB941DD2CA6200CA1C8C /* Debug */ = {
			isa = XCBuildConfiguration;
			buildSettings = {
				ALWAYS_SEARCH_USER_PATHS = NO;
				CLANG_ANALYZER_NONNULL = YES;
				CLANG_CXX_LANGUAGE_STANDARD = "gnu++0x";
				CLANG_CXX_LIBRARY = "libc++";
				CLANG_ENABLE_MODULES = YES;
				CLANG_ENABLE_OBJC_ARC = YES;
				CLANG_WARN_BOOL_CONVERSION = YES;
				CLANG_WARN_CONSTANT_CONVERSION = YES;
				CLANG_WARN_DIRECT_OBJC_ISA_USAGE = YES_ERROR;
				CLANG_WARN_DOCUMENTATION_COMMENTS = YES;
				CLANG_WARN_EMPTY_BODY = YES;
				CLANG_WARN_ENUM_CONVERSION = YES;
				CLANG_WARN_INFINITE_RECURSION = YES;
				CLANG_WARN_INT_CONVERSION = YES;
				CLANG_WARN_OBJC_ROOT_CLASS = YES_ERROR;
				CLANG_WARN_SUSPICIOUS_MOVES = YES;
				CLANG_WARN_UNREACHABLE_CODE = YES;
				CLANG_WARN__DUPLICATE_METHOD_MATCH = YES;
				"CODE_SIGN_IDENTITY[sdk=iphoneos*]" = "iPhone Developer";
				COPY_PHASE_STRIP = NO;
				DEBUG_INFORMATION_FORMAT = dwarf;
				ENABLE_STRICT_OBJC_MSGSEND = YES;
				ENABLE_TESTABILITY = YES;
				GCC_C_LANGUAGE_STANDARD = gnu99;
				GCC_DYNAMIC_NO_PIC = NO;
				GCC_NO_COMMON_BLOCKS = YES;
				GCC_OPTIMIZATION_LEVEL = 0;
				GCC_PREPROCESSOR_DEFINITIONS = (
					"DEBUG=1",
					"$(inherited)",
				);
				GCC_WARN_64_TO_32_BIT_CONVERSION = YES;
				GCC_WARN_ABOUT_RETURN_TYPE = YES_ERROR;
				GCC_WARN_UNDECLARED_SELECTOR = YES;
				GCC_WARN_UNINITIALIZED_AUTOS = YES_AGGRESSIVE;
				GCC_WARN_UNUSED_FUNCTION = YES;
				GCC_WARN_UNUSED_VARIABLE = YES;
				IPHONEOS_DEPLOYMENT_TARGET = 10.1;
				MTL_ENABLE_DEBUG_INFO = YES;
				ONLY_ACTIVE_ARCH = YES;
				SDKROOT = iphoneos;
				SWIFT_ACTIVE_COMPILATION_CONDITIONS = DEBUG;
				SWIFT_OPTIMIZATION_LEVEL = "-Onone";
				TARGETED_DEVICE_FAMILY = "1,2";
			};
			name = Debug;
		};
		3A89AB951DD2CA6200CA1C8C /* Release */ = {
			isa = XCBuildConfiguration;
			buildSettings = {
				ALWAYS_SEARCH_USER_PATHS = NO;
				CLANG_ANALYZER_NONNULL = YES;
				CLANG_CXX_LANGUAGE_STANDARD = "gnu++0x";
				CLANG_CXX_LIBRARY = "libc++";
				CLANG_ENABLE_MODULES = YES;
				CLANG_ENABLE_OBJC_ARC = YES;
				CLANG_WARN_BOOL_CONVERSION = YES;
				CLANG_WARN_CONSTANT_CONVERSION = YES;
				CLANG_WARN_DIRECT_OBJC_ISA_USAGE = YES_ERROR;
				CLANG_WARN_DOCUMENTATION_COMMENTS = YES;
				CLANG_WARN_EMPTY_BODY = YES;
				CLANG_WARN_ENUM_CONVERSION = YES;
				CLANG_WARN_INFINITE_RECURSION = YES;
				CLANG_WARN_INT_CONVERSION = YES;
				CLANG_WARN_OBJC_ROOT_CLASS = YES_ERROR;
				CLANG_WARN_SUSPICIOUS_MOVES = YES;
				CLANG_WARN_UNREACHABLE_CODE = YES;
				CLANG_WARN__DUPLICATE_METHOD_MATCH = YES;
				"CODE_SIGN_IDENTITY[sdk=iphoneos*]" = "iPhone Developer";
				COPY_PHASE_STRIP = NO;
				DEBUG_INFORMATION_FORMAT = "dwarf-with-dsym";
				ENABLE_NS_ASSERTIONS = NO;
				ENABLE_STRICT_OBJC_MSGSEND = YES;
				GCC_C_LANGUAGE_STANDARD = gnu99;
				GCC_NO_COMMON_BLOCKS = YES;
				GCC_WARN_64_TO_32_BIT_CONVERSION = YES;
				GCC_WARN_ABOUT_RETURN_TYPE = YES_ERROR;
				GCC_WARN_UNDECLARED_SELECTOR = YES;
				GCC_WARN_UNINITIALIZED_AUTOS = YES_AGGRESSIVE;
				GCC_WARN_UNUSED_FUNCTION = YES;
				GCC_WARN_UNUSED_VARIABLE = YES;
				IPHONEOS_DEPLOYMENT_TARGET = 10.1;
				MTL_ENABLE_DEBUG_INFO = NO;
				SDKROOT = iphoneos;
				SWIFT_OPTIMIZATION_LEVEL = "-Owholemodule";
				TARGETED_DEVICE_FAMILY = "1,2";
				VALIDATE_PRODUCT = YES;
			};
			name = Release;
		};
		3A89AB971DD2CA6200CA1C8C /* Debug */ = {
			isa = XCBuildConfiguration;
			buildSettings = {
				ASSETCATALOG_COMPILER_APPICON_NAME = AppIcon;
				DEVELOPMENT_TEAM = J9BDLQP95V;
				INFOPLIST_FILE = UIPageViewController/Info.plist;
				LD_RUNPATH_SEARCH_PATHS = "$(inherited) @executable_path/Frameworks";
				PRODUCT_BUNDLE_IDENTIFIER = FioT.UIPageViewController;
				PRODUCT_NAME = "$(TARGET_NAME)";
				SWIFT_VERSION = 3.0;
			};
			name = Debug;
		};
		3A89AB981DD2CA6200CA1C8C /* Release */ = {
			isa = XCBuildConfiguration;
			buildSettings = {
				ASSETCATALOG_COMPILER_APPICON_NAME = AppIcon;
				DEVELOPMENT_TEAM = J9BDLQP95V;
				INFOPLIST_FILE = UIPageViewController/Info.plist;
				LD_RUNPATH_SEARCH_PATHS = "$(inherited) @executable_path/Frameworks";
				PRODUCT_BUNDLE_IDENTIFIER = FioT.UIPageViewController;
				PRODUCT_NAME = "$(TARGET_NAME)";
				SWIFT_VERSION = 3.0;
			};
			name = Release;
		};
		3A89AB9A1DD2CA6200CA1C8C /* Debug */ = {
			isa = XCBuildConfiguration;
			buildSettings = {
				ALWAYS_EMBED_SWIFT_STANDARD_LIBRARIES = YES;
				BUNDLE_LOADER = "$(TEST_HOST)";
				DEVELOPMENT_TEAM = J9BDLQP95V;
				INFOPLIST_FILE = UIPageViewControllerTests/Info.plist;
				LD_RUNPATH_SEARCH_PATHS = "$(inherited) @executable_path/Frameworks @loader_path/Frameworks";
				PRODUCT_BUNDLE_IDENTIFIER = FioT.UIPageViewControllerTests;
				PRODUCT_NAME = "$(TARGET_NAME)";
				SWIFT_VERSION = 3.0;
				TEST_HOST = "$(BUILT_PRODUCTS_DIR)/UIPageViewController.app/UIPageViewController";
			};
			name = Debug;
		};
		3A89AB9B1DD2CA6200CA1C8C /* Release */ = {
			isa = XCBuildConfiguration;
			buildSettings = {
				ALWAYS_EMBED_SWIFT_STANDARD_LIBRARIES = YES;
				BUNDLE_LOADER = "$(TEST_HOST)";
				DEVELOPMENT_TEAM = J9BDLQP95V;
				INFOPLIST_FILE = UIPageViewControllerTests/Info.plist;
				LD_RUNPATH_SEARCH_PATHS = "$(inherited) @executable_path/Frameworks @loader_path/Frameworks";
				PRODUCT_BUNDLE_IDENTIFIER = FioT.UIPageViewControllerTests;
				PRODUCT_NAME = "$(TARGET_NAME)";
				SWIFT_VERSION = 3.0;
				TEST_HOST = "$(BUILT_PRODUCTS_DIR)/UIPageViewController.app/UIPageViewController";
			};
			name = Release;
		};
		3A89AB9D1DD2CA6200CA1C8C /* Debug */ = {
			isa = XCBuildConfiguration;
			buildSettings = {
				ALWAYS_EMBED_SWIFT_STANDARD_LIBRARIES = YES;
				DEVELOPMENT_TEAM = J9BDLQP95V;
				INFOPLIST_FILE = UIPageViewControllerUITests/Info.plist;
				LD_RUNPATH_SEARCH_PATHS = "$(inherited) @executable_path/Frameworks @loader_path/Frameworks";
				PRODUCT_BUNDLE_IDENTIFIER = FioT.UIPageViewControllerUITests;
				PRODUCT_NAME = "$(TARGET_NAME)";
				SWIFT_VERSION = 3.0;
				TEST_TARGET_NAME = UIPageViewController;
			};
			name = Debug;
		};
		3A89AB9E1DD2CA6200CA1C8C /* Release */ = {
			isa = XCBuildConfiguration;
			buildSettings = {
				ALWAYS_EMBED_SWIFT_STANDARD_LIBRARIES = YES;
				DEVELOPMENT_TEAM = J9BDLQP95V;
				INFOPLIST_FILE = UIPageViewControllerUITests/Info.plist;
				LD_RUNPATH_SEARCH_PATHS = "$(inherited) @executable_path/Frameworks @loader_path/Frameworks";
				PRODUCT_BUNDLE_IDENTIFIER = FioT.UIPageViewControllerUITests;
				PRODUCT_NAME = "$(TARGET_NAME)";
				SWIFT_VERSION = 3.0;
				TEST_TARGET_NAME = UIPageViewController;
			};
			name = Release;
		};
/* End XCBuildConfiguration section */

/* Begin XCConfigurationList section */
		3A89AB691DD2CA6200CA1C8C /* Build configuration list for PBXProject "UIPageViewController" */ = {
			isa = XCConfigurationList;
			buildConfigurations = (
				3A89AB941DD2CA6200CA1C8C /* Debug */,
				3A89AB951DD2CA6200CA1C8C /* Release */,
			);
			defaultConfigurationIsVisible = 0;
			defaultConfigurationName = Release;
		};
		3A89AB961DD2CA6200CA1C8C /* Build configuration list for PBXNativeTarget "UIPageViewController" */ = {
			isa = XCConfigurationList;
			buildConfigurations = (
				3A89AB971DD2CA6200CA1C8C /* Debug */,
				3A89AB981DD2CA6200CA1C8C /* Release */,
			);
			defaultConfigurationIsVisible = 0;
			defaultConfigurationName = Release;
		};
		3A89AB991DD2CA6200CA1C8C /* Build configuration list for PBXNativeTarget "UIPageViewControllerTests" */ = {
			isa = XCConfigurationList;
			buildConfigurations = (
				3A89AB9A1DD2CA6200CA1C8C /* Debug */,
				3A89AB9B1DD2CA6200CA1C8C /* Release */,
			);
			defaultConfigurationIsVisible = 0;
			defaultConfigurationName = Release;
		};
		3A89AB9C1DD2CA6200CA1C8C /* Build configuration list for PBXNativeTarget "UIPageViewControllerUITests" */ = {
			isa = XCConfigurationList;
			buildConfigurations = (
				3A89AB9D1DD2CA6200CA1C8C /* Debug */,
				3A89AB9E1DD2CA6200CA1C8C /* Release */,
			);
			defaultConfigurationIsVisible = 0;
			defaultConfigurationName = Release;
		};
/* End XCConfigurationList section */
	};
	rootObject = 3A89AB661DD2CA6200CA1C8C /* Project object */;
}
